<?xml version="1.0" encoding="utf-8"?>
<Project ToolsVersion="4.0" xmlns="http://schemas.microsoft.com/developer/msbuild/2003">
  <ItemGroup>
    <Filter Include="include">
      <UniqueIdentifier>{806bf3a6-594d-4d2a-aa97-e46f20db28f0}</UniqueIdentifier>
    </Filter>
    <Filter Include="source">
      <UniqueIdentifier>{b73e44b5-5af7-43b5-b4ed-a6b14b3c006c}</UniqueIdentifier>
    </Filter>
  </ItemGroup>
  <ItemGroup>
    <ClInclude Include="..\..\include\mupdf\helpers\mu-office-lib.h">
      <Filter>include</Filter>
    </ClInclude>
  </ItemGroup>
  <ItemGroup>
    <ClCompile Include="..\..\source\helpers\mu-office-lib\mu-office-lib.c">
      <Filter>source</Filter>
    </ClCompile>
  </ItemGroup>
</Project>